{
  "requires": true,
  "lockfileVersion": 1,
  "dependencies": {
    "vue2-timepicker": {
      "version": "1.1.4",
      "resolved": "https://registry.npmjs.org/vue2-timepicker/-/vue2-timepicker-1.1.4.tgz",
      "integrity": "sha512-v3ceIfiNN+lhBQcjIbG3CV0wC0dxSRt/P6Eqo35ZkrQfUjWrrpHkqL1dP2vYKZNkwYvYkAK/CKtYHl7QV8ToGQ=="
    }
  }
}
